
Microsoft Visual Studio Solution File, Format Version 12.00
# Visual Studio Version 17
VisualStudioVersion = 17.4.33110.190
MinimumVisualStudioVersion = 10.0.40219.1
Project("{FAE04EC0-301F-11D3-BF4B-00C04F79EFBC}") = "m3u8", "m3u8\m3u8.csproj", "{1CBCB9B1-F5B7-4876-8D51-571240E388EB}"
EndProject
Global
	GlobalSection(SolutionConfigurationPlatforms) = preSolution
		Debug|Any CPU = Debug|Any CPU
		Debug|x64 = Debug|x64
		Release|Any CPU = Release|Any CPU
		Release|x64 = Release|x64
	EndGlobalSection
	GlobalSection(ProjectConfigurationPlatforms) = postSolution
		{1CBCB9B1-F5B7-4876-8D51-571240E388EB}.Debug|Any CPU.ActiveCfg = Debug|Any CPU
		{1CBCB9B1-F5B7-4876-8D51-571240E388EB}.Debug|Any CPU.Build.0 = Debug|Any CPU
		{1CBCB9B1-F5B7-4876-8D51-571240E388EB}.Debug|x64.ActiveCfg = Debug|x64
		{1CBCB9B1-F5B7-4876-8D51-571240E388EB}.Debug|x64.Build.0 = Debug|x64
		{1CBCB9B1-F5B7-4876-8D51-571240E388EB}.Release|Any CPU.ActiveCfg = Release|Any CPU
		{1CBCB9B1-F5B7-4876-8D51-571240E388EB}.Release|Any CPU.Build.0 = Release|Any CPU
		{1CBCB9B1-F5B7-4876-8D51-571240E388EB}.Release|x64.ActiveCfg = Release|x64
		{1CBCB9B1-F5B7-4876-8D51-571240E388EB}.Release|x64.Build.0 = Release|x64
	EndGlobalSection
	GlobalSection(SolutionProperties) = preSolution
		HideSolutionNode = FALSE
	EndGlobalSection
	GlobalSection(ExtensibilityGlobals) = postSolution
		SolutionGuid = {68332114-963D-401A-83B4-BFE264EFB176}
	EndGlobalSection
EndGlobal
